
Microsoft Visual Studio Solution File, Format Version 12.00
# Visual Studio Version 17
VisualStudioVersion = 17.12.35707.178 d17.12
MinimumVisualStudioVersion = 10.0.40219.1
Project("{FAE04EC0-301F-11D3-BF4B-00C04F79EFBC}") = "exam1_Ticket", "exam1_Ticket.csproj", "{7DE97D7A-C12E-42CA-BD54-0A4F2E37EFF5}"
EndProject
Project("{FAE04EC0-301F-11D3-BF4B-00C04F79EFBC}") = "Ticket.Entites", "..\Ticket.Entites\Ticket.Entites.csproj", "{E23D72D0-A41B-48AE-9BF5-F67A6FDDC7E5}"
EndProject
Global
	GlobalSection(SolutionConfigurationPlatforms) = preSolution
		Debug|Any CPU = Debug|Any CPU
		Release|Any CPU = Release|Any CPU
	EndGlobalSection
	GlobalSection(ProjectConfigurationPlatforms) = postSolution
		{7DE97D7A-C12E-42CA-BD54-0A4F2E37EFF5}.Debug|Any CPU.ActiveCfg = Debug|Any CPU
		{7DE97D7A-C12E-42CA-BD54-0A4F2E37EFF5}.Debug|Any CPU.Build.0 = Debug|Any CPU
		{7DE97D7A-C12E-42CA-BD54-0A4F2E37EFF5}.Release|Any CPU.ActiveCfg = Release|Any CPU
		{7DE97D7A-C12E-42CA-BD54-0A4F2E37EFF5}.Release|Any CPU.Build.0 = Release|Any CPU
		{E23D72D0-A41B-48AE-9BF5-F67A6FDDC7E5}.Debug|Any CPU.ActiveCfg = Debug|Any CPU
		{E23D72D0-A41B-48AE-9BF5-F67A6FDDC7E5}.Debug|Any CPU.Build.0 = Debug|Any CPU
		{E23D72D0-A41B-48AE-9BF5-F67A6FDDC7E5}.Release|Any CPU.ActiveCfg = Release|Any CPU
		{E23D72D0-A41B-48AE-9BF5-F67A6FDDC7E5}.Release|Any CPU.Build.0 = Release|Any CPU
	EndGlobalSection
	GlobalSection(SolutionProperties) = preSolution
		HideSolutionNode = FALSE
	EndGlobalSection
EndGlobal
